// !$*UTF8*$!
{
	archiveVersion = 1;
	classes = {
	};
	objectVersion = 46;
	objects = {

/* Begin PBXBuildFile section */
		8EE098951C66DD8F00ADA505 /* AppDelegate.swift in Sources */ = {isa = PBXBuildFile; fileRef = 8EE098941C66DD8F00ADA505 /* AppDelegate.swift */; };
		8EE098971C66DD8F00ADA505 /* ViewController.swift in Sources */ = {isa = PBXBuildFile; fileRef = 8EE098961C66DD8F00ADA505 /* ViewController.swift */; };
		8EE0989A1C66DD8F00ADA505 /* Main.storyboard in Resources */ = {isa = PBXBuildFile; fileRef = 8EE098981C66DD8F00ADA505 /* Main.storyboard */; };
		8EE0989C1C66DD8F00ADA505 /* Assets.xcassets in Resources */ = {isa = PBXBuildFile; fileRef = 8EE0989B1C66DD8F00ADA505 /* Assets.xcassets */; };
		8EE0989F1C66DD8F00ADA505 /* LaunchScreen.storyboard in Resources */ = {isa = PBXBuildFile; fileRef = 8EE0989D1C66DD8F00ADA505 /* LaunchScreen.storyboard */; };
		8EE098AA1C66DD9000ADA505 /* Exercice_1_DevslopesTests.swift in Sources */ = {isa = PBXBuildFile; fileRef = 8EE098A91C66DD9000ADA505 /* Exercice_1_DevslopesTests.swift */; };
		8EE098B51C66DD9000ADA505 /* Exercice_1_DevslopesUITests.swift in Sources */ = {isa = PBXBuildFile; fileRef = 8EE098B41C66DD9000ADA505 /* Exercice_1_DevslopesUITests.swift */; };
/* End PBXBuildFile section */

/* Begin PBXContainerItemProxy section */
		8EE098A61C66DD9000ADA505 /* PBXContainerItemProxy */ = {
			isa = PBXContainerItemProxy;
			containerPortal = 8EE098891C66DD8F00ADA505 /* Project object */;
			proxyType = 1;
			remoteGlobalIDString = 8EE098901C66DD8F00ADA505;
			remoteInfo = "Exercice 1_Devslopes";
		};
		8EE098B11C66DD9000ADA505 /* PBXContainerItemProxy */ = {
			isa = PBXContainerItemProxy;
			containerPortal = 8EE098891C66DD8F00ADA505 /* Project object */;
			proxyType = 1;
			remoteGlobalIDString = 8EE098901C66DD8F00ADA505;
			remoteInfo = "Exercice 1_Devslopes";
		};
/* End PBXContainerItemProxy section */

/* Begin PBXFileReference section */
		8EE098911C66DD8F00ADA505 /* Exercice 1_Devslopes.app */ = {isa = PBXFileReference; explicitFileType = wrapper.application; includeInIndex = 0; path = "Exercice 1_Devslopes.app"; sourceTree = BUILT_PRODUCTS_DIR; };
		8EE098941C66DD8F00ADA505 /* AppDelegate.swift */ = {isa = PBXFileReference; lastKnownFileType = sourcecode.swift; path = AppDelegate.swift; sourceTree = "<group>"; };
		8EE098961C66DD8F00ADA505 /* ViewController.swift */ = {isa = PBXFileReference; lastKnownFileType = sourcecode.swift; path = ViewController.swift; sourceTree = "<group>"; };
		8EE098991C66DD8F00ADA505 /* Base */ = {isa = PBXFileReference; lastKnownFileType = file.storyboard; name = Base; path = Base.lproj/Main.storyboard; sourceTree = "<group>"; };
		8EE0989B1C66DD8F00ADA505 /* Assets.xcassets */ = {isa = PBXFileReference; lastKnownFileType = folder.assetcatalog; path = Assets.xcassets; sourceTree = "<group>"; };
		8EE0989E1C66DD8F00ADA505 /* Base */ = {isa = PBXFileReference; lastKnownFileType = file.storyboard; name = Base; path = Base.lproj/LaunchScreen.storyboard; sourceTree = "<group>"; };
		8EE098A01C66DD8F00ADA505 /* Info.plist */ = {isa = PBXFileReference; lastKnownFileType = text.plist.xml; path = Info.plist; sourceTree = "<group>"; };
		8EE098A51C66DD9000ADA505 /* Exercice 1_DevslopesTests.xctest */ = {isa = PBXFileReference; explicitFileType = wrapper.cfbundle; includeInIndex = 0; path = "Exercice 1_DevslopesTests.xctest"; sourceTree = BUILT_PRODUCTS_DIR; };
		8EE098A91C66DD9000ADA505 /* Exercice_1_DevslopesTests.swift */ = {isa = PBXFileReference; lastKnownFileType = sourcecode.swift; path = Exercice_1_DevslopesTests.swift; sourceTree = "<group>"; };
		8EE098AB1C66DD9000ADA505 /* Info.plist */ = {isa = PBXFileReference; lastKnownFileType = text.plist.xml; path = Info.plist; sourceTree = "<group>"; };
		8EE098B01C66DD9000ADA505 /* Exercice 1_DevslopesUITests.xctest */ = {isa = PBXFileReference; explicitFileType = wrapper.cfbundle; includeInIndex = 0; path = "Exercice 1_DevslopesUITests.xctest"; sourceTree = BUILT_PRODUCTS_DIR; };
		8EE098B41C66DD9000ADA505 /* Exercice_1_DevslopesUITests.swift */ = {isa = PBXFileReference; lastKnownFileType = sourcecode.swift; path = Exercice_1_DevslopesUITests.swift; sourceTree = "<group>"; };
		8EE098B61C66DD9000ADA505 /* Info.plist */ = {isa = PBXFileReference; lastKnownFileType = text.plist.xml; path = Info.plist; sourceTree = "<group>"; };
/* End PBXFileReference section */

/* Begin PBXFrameworksBuildPhase section */
		8EE0988E1C66DD8F00ADA505 /* Frameworks */ = {
			isa = PBXFrameworksBuildPhase;
			buildActionMask = 2147483647;
			files = (
			);
			runOnlyForDeploymentPostprocessing = 0;
		};
		8EE098A21C66DD9000ADA505 /* Frameworks */ = {
			isa = PBXFrameworksBuildPhase;
			buildActionMask = 2147483647;
			files = (
			);
			runOnlyForDeploymentPostprocessing = 0;
		};
		8EE098AD1C66DD9000ADA505 /* Frameworks */ = {
			isa = PBXFrameworksBuildPhase;
			buildActionMask = 2147483647;
			files = (
			);
			runOnlyForDeploymentPostprocessing = 0;
		};
/* End PBXFrameworksBuildPhase section */

/* Begin PBXGroup section */
		8EE098881C66DD8F00ADA505 = {
			isa = PBXGroup;
			children = (
				8EE098931C66DD8F00ADA505 /* Exercice 1_Devslopes */,
				8EE098A81C66DD9000ADA505 /* Exercice 1_DevslopesTests */,
				8EE098B31C66DD9000ADA505 /* Exercice 1_DevslopesUITests */,
				8EE098921C66DD8F00ADA505 /* Products */,
			);
			sourceTree = "<group>";
		};
		8EE098921C66DD8F00ADA505 /* Products */ = {
			isa = PBXGroup;
			children = (
				8EE098911C66DD8F00ADA505 /* Exercice 1_Devslopes.app */,
				8EE098A51C66DD9000ADA505 /* Exercice 1_DevslopesTests.xctest */,
				8EE098B01C66DD9000ADA505 /* Exercice 1_DevslopesUITests.xctest */,
			);
			name = Products;
			sourceTree = "<group>";
		};
		8EE098931C66DD8F00ADA505 /* Exercice 1_Devslopes */ = {
			isa = PBXGroup;
			children = (
				8EE098941C66DD8F00ADA505 /* AppDelegate.swift */,
				8EE098961C66DD8F00ADA505 /* ViewController.swift */,
				8EE098981C66DD8F00ADA505 /* Main.storyboard */,
				8EE0989B1C66DD8F00ADA505 /* Assets.xcassets */,
				8EE0989D1C66DD8F00ADA505 /* LaunchScreen.storyboard */,
				8EE098A01C66DD8F00ADA505 /* Info.plist */,
			);
			path = "Exercice 1_Devslopes";
			sourceTree = "<group>";
		};
		8EE098A81C66DD9000ADA505 /* Exercice 1_DevslopesTests */ = {
			isa = PBXGroup;
			children = (
				8EE098A91C66DD9000ADA505 /* Exercice_1_DevslopesTests.swift */,
				8EE098AB1C66DD9000ADA505 /* Info.plist */,
			);
			path = "Exercice 1_DevslopesTests";
			sourceTree = "<group>";
		};
		8EE098B31C66DD9000ADA505 /* Exercice 1_DevslopesUITests */ = {
			isa = PBXGroup;
			children = (
				8EE098B41C66DD9000ADA505 /* Exercice_1_DevslopesUITests.swift */,
				8EE098B61C66DD9000ADA505 /* Info.plist */,
			);
			path = "Exercice 1_DevslopesUITests";
			sourceTree = "<group>";
		};
/* End PBXGroup section */

/* Begin PBXNativeTarget section */
		8EE098901C66DD8F00ADA505 /* Exercice 1_Devslopes */ = {
			isa = PBXNativeTarget;
			buildConfigurationList = 8EE098B91C66DD9000ADA505 /* Build configuration list for PBXNativeTarget "Exercice 1_Devslopes" */;
			buildPhases = (
				8EE0988D1C66DD8F00ADA505 /* Sources */,
				8EE0988E1C66DD8F00ADA505 /* Frameworks */,
				8EE0988F1C66DD8F00ADA505 /* Resources */,
			);
			buildRules = (
			);
			dependencies = (
			);
			name = "Exercice 1_Devslopes";
			productName = "Exercice 1_Devslopes";
			productReference = 8EE098911C66DD8F00ADA505 /* Exercice 1_Devslopes.app */;
			productType = "com.apple.product-type.application";
		};
		8EE098A41C66DD9000ADA505 /* Exercice 1_DevslopesTests */ = {
			isa = PBXNativeTarget;
			buildConfigurationList = 8EE098BC1C66DD9000ADA505 /* Build configuration list for PBXNativeTarget "Exercice 1_DevslopesTests" */;
			buildPhases = (
				8EE098A11C66DD9000ADA505 /* Sources */,
				8EE098A21C66DD9000ADA505 /* Frameworks */,
				8EE098A31C66DD9000ADA505 /* Resources */,
			);
			buildRules = (
			);
			dependencies = (
				8EE098A71C66DD9000ADA505 /* PBXTargetDependency */,
			);
			name = "Exercice 1_DevslopesTests";
			productName = "Exercice 1_DevslopesTests";
			productReference = 8EE098A51C66DD9000ADA505 /* Exercice 1_DevslopesTests.xctest */;
			productType = "com.apple.product-type.bundle.unit-test";
		};
		8EE098AF1C66DD9000ADA505 /* Exercice 1_DevslopesUITests */ = {
			isa = PBXNativeTarget;
			buildConfigurationList = 8EE098BF1C66DD9000ADA505 /* Build configuration list for PBXNativeTarget "Exercice 1_DevslopesUITests" */;
			buildPhases = (
				8EE098AC1C66DD9000ADA505 /* Sources */,
				8EE098AD1C66DD9000ADA505 /* Frameworks */,
				8EE098AE1C66DD9000ADA505 /* Resources */,
			);
			buildRules = (
			);
			dependencies = (
				8EE098B21C66DD9000ADA505 /* PBXTargetDependency */,
			);
			name = "Exercice 1_DevslopesUITests";
			productName = "Exercice 1_DevslopesUITests";
			productReference = 8EE098B01C66DD9000ADA505 /* Exercice 1_DevslopesUITests.xctest */;
			productType = "com.apple.product-type.bundle.ui-testing";
		};
/* End PBXNativeTarget section */

/* Begin PBXProject section */
		8EE098891C66DD8F00ADA505 /* Project object */ = {
			isa = PBXProject;
			attributes = {
				LastSwiftUpdateCheck = 0720;
				LastUpgradeCheck = 0720;
				ORGANIZATIONNAME = kadiju;
				TargetAttributes = {
					8EE098901C66DD8F00ADA505 = {
						CreatedOnToolsVersion = 7.2;
						DevelopmentTeam = 9V6J7T385F;
					};
					8EE098A41C66DD9000ADA505 = {
						CreatedOnToolsVersion = 7.2;
						DevelopmentTeam = 9V6J7T385F;
						TestTargetID = 8EE098901C66DD8F00ADA505;
					};
					8EE098AF1C66DD9000ADA505 = {
						CreatedOnToolsVersion = 7.2;
						DevelopmentTeam = 9V6J7T385F;
						TestTargetID = 8EE098901C66DD8F00ADA505;
					};
				};
			};
			buildConfigurationList = 8EE0988C1C66DD8F00ADA505 /* Build configuration list for PBXProject "Exercice 1_Devslopes" */;
			compatibilityVersion = "Xcode 3.2";
			developmentRegion = English;
			hasScannedForEncodings = 0;
			knownRegions = (
				en,
				Base,
			);
			mainGroup = 8EE098881C66DD8F00ADA505;
			productRefGroup = 8EE098921C66DD8F00ADA505 /* Products */;
			projectDirPath = "";
			projectRoot = "";
			targets = (
				8EE098901C66DD8F00ADA505 /* Exercice 1_Devslopes */,
				8EE098A41C66DD9000ADA505 /* Exercice 1_DevslopesTests */,
				8EE098AF1C66DD9000ADA505 /* Exercice 1_DevslopesUITests */,
			);
		};
/* End PBXProject section */

/* Begin PBXResourcesBuildPhase section */
		8EE0988F1C66DD8F00ADA505 /* Resources */ = {
			isa = PBXResourcesBuildPhase;
			buildActionMask = 2147483647;
			files = (
				8EE0989F1C66DD8F00ADA505 /* LaunchScreen.storyboard in Resources */,
				8EE0989C1C66DD8F00ADA505 /* Assets.xcassets in Resources */,
				8EE0989A1C66DD8F00ADA505 /* Main.storyboard in Resources */,
			);
			runOnlyForDeploymentPostprocessing = 0;
		};
		8EE098A31C66DD9000ADA505 /* Resources */ = {
			isa = PBXResourcesBuildPhase;
			buildActionMask = 2147483647;
			files = (
			);
			runOnlyForDeploymentPostprocessing = 0;
		};
		8EE098AE1C66DD9000ADA505 /* Resources */ = {
			isa = PBXResourcesBuildPhase;
			buildActionMask = 2147483647;
			files = (
			);
			runOnlyForDeploymentPostprocessing = 0;
		};
/* End PBXResourcesBuildPhase section */

/* Begin PBXSourcesBuildPhase section */
		8EE0988D1C66DD8F00ADA505 /* Sources */ = {
			isa = PBXSourcesBuildPhase;
			buildActionMask = 2147483647;
			files = (
				8EE098971C66DD8F00ADA505 /* ViewController.swift in Sources */,
				8EE098951C66DD8F00ADA505 /* AppDelegate.swift in Sources */,
			);
			runOnlyForDeploymentPostprocessing = 0;
		};
		8EE098A11C66DD9000ADA505 /* Sources */ = {
			isa = PBXSourcesBuildPhase;
			buildActionMask = 2147483647;
			files = (
				8EE098AA1C66DD9000ADA505 /* Exercice_1_DevslopesTests.swift in Sources */,
			);
			runOnlyForDeploymentPostprocessing = 0;
		};
		8EE098AC1C66DD9000ADA505 /* Sources */ = {
			isa = PBXSourcesBuildPhase;
			buildActionMask = 2147483647;
			files = (
				8EE098B51C66DD9000ADA505 /* Exercice_1_DevslopesUITests.swift in Sources */,
			);
			runOnlyForDeploymentPostprocessing = 0;
		};
/* End PBXSourcesBuildPhase section */

/* Begin PBXTargetDependency section */
		8EE098A71C66DD9000ADA505 /* PBXTargetDependency */ = {
			isa = PBXTargetDependency;
			target = 8EE098901C66DD8F00ADA505 /* Exercice 1_Devslopes */;
			targetProxy = 8EE098A61C66DD9000ADA505 /* PBXContainerItemProxy */;
		};
		8EE098B21C66DD9000ADA505 /* PBXTargetDependency */ = {
			isa = PBXTargetDependency;
			target = 8EE098901C66DD8F00ADA505 /* Exercice 1_Devslopes */;
			targetProxy = 8EE098B11C66DD9000ADA505 /* PBXContainerItemProxy */;
		};
/* End PBXTargetDependency section */

/* Begin PBXVariantGroup section */
		8EE098981C66DD8F00ADA505 /* Main.storyboard */ = {
			isa = PBXVariantGroup;
			children = (
				8EE098991C66DD8F00ADA505 /* Base */,
			);
			name = Main.storyboard;
			sourceTree = "<group>";
		};
		8EE0989D1C66DD8F00ADA505 /* LaunchScreen.storyboard */ = {
			isa = PBXVariantGroup;
			children = (
				8EE0989E1C66DD8F00ADA505 /* Base */,
			);
			name = LaunchScreen.storyboard;
			sourceTree = "<group>";
		};
/* End PBXVariantGroup section */

/* Begin XCBuildConfiguration section */
		8EE098B71C66DD9000ADA505 /* Debug */ = {
			isa = XCBuildConfiguration;
			buildSettings = {
				ALWAYS_SEARCH_USER_PATHS = NO;
				CLANG_CXX_LANGUAGE_STANDARD = "gnu++0x";
				CLANG_CXX_LIBRARY = "libc++";
				CLANG_ENABLE_MODULES = YES;
				CLANG_ENABLE_OBJC_ARC = YES;
				CLANG_WARN_BOOL_CONVERSION = YES;
				CLANG_WARN_CONSTANT_CONVERSION = YES;
				CLANG_WARN_DIRECT_OBJC_ISA_USAGE = YES_ERROR;
				CLANG_WARN_EMPTY_BODY = YES;
				CLANG_WARN_ENUM_CONVERSION = YES;
				CLANG_WARN_INT_CONVERSION = YES;
				CLANG_WARN_OBJC_ROOT_CLASS = YES_ERROR;
				CLANG_WARN_UNREACHABLE_CODE = YES;
				CLANG_WARN__DUPLICATE_METHOD_MATCH = YES;
				"CODE_SIGN_IDENTITY[sdk=iphoneos*]" = "iPhone Developer";
				COPY_PHASE_STRIP = NO;
				DEBUG_INFORMATION_FORMAT = dwarf;
				ENABLE_STRICT_OBJC_MSGSEND = YES;
				ENABLE_TESTABILITY = YES;
				GCC_C_LANGUAGE_STANDARD = gnu99;
				GCC_DYNAMIC_NO_PIC = NO;
				GCC_NO_COMMON_BLOCKS = YES;
				GCC_OPTIMIZATION_LEVEL = 0;
				GCC_PREPROCESSOR_DEFINITIONS = (
					"DEBUG=1",
					"$(inherited)",
				);
				GCC_WARN_64_TO_32_BIT_CONVERSION = YES;
				GCC_WARN_ABOUT_RETURN_TYPE = YES_ERROR;
				GCC_WARN_UNDECLARED_SELECTOR = YES;
				GCC_WARN_UNINITIALIZED_AUTOS = YES_AGGRESSIVE;
				GCC_WARN_UNUSED_FUNCTION = YES;
				GCC_WARN_UNUSED_VARIABLE = YES;
				IPHONEOS_DEPLOYMENT_TARGET = 9.2;
				MTL_ENABLE_DEBUG_INFO = YES;
				ONLY_ACTIVE_ARCH = YES;
				SDKROOT = iphoneos;
				SWIFT_OPTIMIZATION_LEVEL = "-Onone";
			};
			name = Debug;
		};
		8EE098B81C66DD9000ADA505 /* Release */ = {
			isa = XCBuildConfiguration;
			buildSettings = {
				ALWAYS_SEARCH_USER_PATHS = NO;
				CLANG_CXX_LANGUAGE_STANDARD = "gnu++0x";
				CLANG_CXX_LIBRARY = "libc++";
				CLANG_ENABLE_MODULES = YES;
				CLANG_ENABLE_OBJC_ARC = YES;
				CLANG_WARN_BOOL_CONVERSION = YES;
				CLANG_WARN_CONSTANT_CONVERSION = YES;
				CLANG_WARN_DIRECT_OBJC_ISA_USAGE = YES_ERROR;
				CLANG_WARN_EMPTY_BODY = YES;
				CLANG_WARN_ENUM_CONVERSION = YES;
				CLANG_WARN_INT_CONVERSION = YES;
				CLANG_WARN_OBJC_ROOT_CLASS = YES_ERROR;
				CLANG_WARN_UNREACHABLE_CODE = YES;
				CLANG_WARN__DUPLICATE_METHOD_MATCH = YES;
				"CODE_SIGN_IDENTITY[sdk=iphoneos*]" = "iPhone Developer";
				COPY_PHASE_STRIP = NO;
				DEBUG_INFORMATION_FORMAT = "dwarf-with-dsym";
				ENABLE_NS_ASSERTIONS = NO;
				ENABLE_STRICT_OBJC_MSGSEND = YES;
				GCC_C_LANGUAGE_STANDARD = gnu99;
				GCC_NO_COMMON_BLOCKS = YES;
				GCC_WARN_64_TO_32_BIT_CONVERSION = YES;
				GCC_WARN_ABOUT_RETURN_TYPE = YES_ERROR;
				GCC_WARN_UNDECLARED_SELECTOR = YES;
				GCC_WARN_UNINITIALIZED_AUTOS = YES_AGGRESSIVE;
				GCC_WARN_UNUSED_FUNCTION = YES;
				GCC_WARN_UNUSED_VARIABLE = YES;
				IPHONEOS_DEPLOYMENT_TARGET = 9.2;
				MTL_ENABLE_DEBUG_INFO = NO;
				SDKROOT = iphoneos;
				VALIDATE_PRODUCT = YES;
			};
			name = Release;
		};
		8EE098BA1C66DD9000ADA505 /* Debug */ = {
			isa = XCBuildConfiguration;
			buildSettings = {
				ASSETCATALOG_COMPILER_APPICON_NAME = AppIcon;
				INFOPLIST_FILE = "Exercice 1_Devslopes/Info.plist";
				LD_RUNPATH_SEARCH_PATHS = "$(inherited) @executable_path/Frameworks";
				PRODUCT_BUNDLE_IDENTIFIER = "com.kadiju.Exercice-1-Devslopes";
				PRODUCT_NAME = "$(TARGET_NAME)";
			};
			name = Debug;
		};
		8EE098BB1C66DD9000ADA505 /* Release */ = {
			isa = XCBuildConfiguration;
			buildSettings = {
				ASSETCATALOG_COMPILER_APPICON_NAME = AppIcon;
				INFOPLIST_FILE = "Exercice 1_Devslopes/Info.plist";
				LD_RUNPATH_SEARCH_PATHS = "$(inherited) @executable_path/Frameworks";
				PRODUCT_BUNDLE_IDENTIFIER = "com.kadiju.Exercice-1-Devslopes";
				PRODUCT_NAME = "$(TARGET_NAME)";
			};
			name = Release;
		};
		8EE098BD1C66DD9000ADA505 /* Debug */ = {
			isa = XCBuildConfiguration;
			buildSettings = {
				BUNDLE_LOADER = "$(TEST_HOST)";
				INFOPLIST_FILE = "Exercice 1_DevslopesTests/Info.plist";
				LD_RUNPATH_SEARCH_PATHS = "$(inherited) @executable_path/Frameworks @loader_path/Frameworks";
				PRODUCT_BUNDLE_IDENTIFIER = "com.kadiju.Exercice-1-DevslopesTests";
				PRODUCT_NAME = "$(TARGET_NAME)";
				TEST_HOST = "$(BUILT_PRODUCTS_DIR)/Exercice 1_Devslopes.app/Exercice 1_Devslopes";
			};
			name = Debug;
		};
		8EE098BE1C66DD9000ADA505 /* Release */ = {
			isa = XCBuildConfiguration;
			buildSettings = {
				BUNDLE_LOADER = "$(TEST_HOST)";
				INFOPLIST_FILE = "Exercice 1_DevslopesTests/Info.plist";
				LD_RUNPATH_SEARCH_PATHS = "$(inherited) @executable_path/Frameworks @loader_path/Frameworks";
				PRODUCT_BUNDLE_IDENTIFIER = "com.kadiju.Exercice-1-DevslopesTests";
				PRODUCT_NAME = "$(TARGET_NAME)";
				TEST_HOST = "$(BUILT_PRODUCTS_DIR)/Exercice 1_Devslopes.app/Exercice 1_Devslopes";
			};
			name = Release;
		};
		8EE098C01C66DD9000ADA505 /* Debug */ = {
			isa = XCBuildConfiguration;
			buildSettings = {
				INFOPLIST_FILE = "Exercice 1_DevslopesUITests/Info.plist";
				LD_RUNPATH_SEARCH_PATHS = "$(inherited) @executable_path/Frameworks @loader_path/Frameworks";
				PRODUCT_BUNDLE_IDENTIFIER = "com.kadiju.Exercice-1-DevslopesUITests";
				PRODUCT_NAME = "$(TARGET_NAME)";
				TEST_TARGET_NAME = "Exercice 1_Devslopes";
				USES_XCTRUNNER = YES;
			};
			name = Debug;
		};
		8EE098C11C66DD9000ADA505 /* Release */ = {
			isa = XCBuildConfiguration;
			buildSettings = {
				INFOPLIST_FILE = "Exercice 1_DevslopesUITests/Info.plist";
				LD_RUNPATH_SEARCH_PATHS = "$(inherited) @executable_path/Frameworks @loader_path/Frameworks";
				PRODUCT_BUNDLE_IDENTIFIER = "com.kadiju.Exercice-1-DevslopesUITests";
				PRODUCT_NAME = "$(TARGET_NAME)";
				TEST_TARGET_NAME = "Exercice 1_Devslopes";
				USES_XCTRUNNER = YES;
			};
			name = Release;
		};
/* End XCBuildConfiguration section */

/* Begin XCConfigurationList section */
		8EE0988C1C66DD8F00ADA505 /* Build configuration list for PBXProject "Exercice 1_Devslopes" */ = {
			isa = XCConfigurationList;
			buildConfigurations = (
				8EE098B71C66DD9000ADA505 /* Debug */,
				8EE098B81C66DD9000ADA505 /* Release */,
			);
			defaultConfigurationIsVisible = 0;
			defaultConfigurationName = Release;
		};
		8EE098B91C66DD9000ADA505 /* Build configuration list for PBXNativeTarget "Exercice 1_Devslopes" */ = {
			isa = XCConfigurationList;
			buildConfigurations = (
				8EE098BA1C66DD9000ADA505 /* Debug */,
				8EE098BB1C66DD9000ADA505 /* Release */,
			);
			defaultConfigurationIsVisible = 0;
		};
		8EE098BC1C66DD9000ADA505 /* Build configuration list for PBXNativeTarget "Exercice 1_DevslopesTests" */ = {
			isa = XCConfigurationList;
			buildConfigurations = (
				8EE098BD1C66DD9000ADA505 /* Debug */,
				8EE098BE1C66DD9000ADA505 /* Release */,
			);
			defaultConfigurationIsVisible = 0;
		};
		8EE098BF1C66DD9000ADA505 /* Build configuration list for PBXNativeTarget "Exercice 1_DevslopesUITests" */ = {
			isa = XCConfigurationList;
			buildConfigurations = (
				8EE098C01C66DD9000ADA505 /* Debug */,
				8EE098C11C66DD9000ADA505 /* Release */,
			);
			defaultConfigurationIsVisible = 0;
		};
/* End XCConfigurationList section */
	};
	rootObject = 8EE098891C66DD8F00ADA505 /* Project object */;
}
